// !$*UTF8*$!
{
	archiveVersion = 1;
	classes = {
	};
	objectVersion = 56;
	objects = {

/* Begin PBXBuildFile section */
		555B6BD929EF4FD50000C7CF /* AppDelegate.swift in Sources */ = {isa = PBXBuildFile; fileRef = 555B6BD829EF4FD50000C7CF /* AppDelegate.swift */; };
		555B6BDB29EF4FD50000C7CF /* SceneDelegate.swift in Sources */ = {isa = PBXBuildFile; fileRef = 555B6BDA29EF4FD50000C7CF /* SceneDelegate.swift */; };
		555B6BE029EF4FD50000C7CF /* Main.storyboard in Resources */ = {isa = PBXBuildFile; fileRef = 555B6BDE29EF4FD50000C7CF /* Main.storyboard */; };
		555B6BE229EF4FD60000C7CF /* Assets.xcassets in Resources */ = {isa = PBXBuildFile; fileRef = 555B6BE129EF4FD60000C7CF /* Assets.xcassets */; };
		555B6BE529EF4FD60000C7CF /* LaunchScreen.storyboard in Resources */ = {isa = PBXBuildFile; fileRef = 555B6BE329EF4FD60000C7CF /* LaunchScreen.storyboard */; };
		555B6BF029EF4FD60000C7CF /* Space_Tests.swift in Sources */ = {isa = PBXBuildFile; fileRef = 555B6BEF29EF4FD60000C7CF /* Space_Tests.swift */; };
		555B6C0B29EF516B0000C7CF /* SearchViewController.swift in Sources */ = {isa = PBXBuildFile; fileRef = 555B6C0A29EF516B0000C7CF /* SearchViewController.swift */; };
/* End PBXBuildFile section */

/* Begin PBXContainerItemProxy section */
		555B6BEC29EF4FD60000C7CF /* PBXContainerItemProxy */ = {
			isa = PBXContainerItemProxy;
			containerPortal = 555B6BCD29EF4FD50000C7CF /* Project object */;
			proxyType = 1;
			remoteGlobalIDString = 555B6BD429EF4FD50000C7CF;
			remoteInfo = "Space!";
		};
/* End PBXContainerItemProxy section */

/* Begin PBXFileReference section */
		555B6BD529EF4FD50000C7CF /* Space!.app */ = {isa = PBXFileReference; explicitFileType = wrapper.application; includeInIndex = 0; path = "Space!.app"; sourceTree = BUILT_PRODUCTS_DIR; };
		555B6BD829EF4FD50000C7CF /* AppDelegate.swift */ = {isa = PBXFileReference; lastKnownFileType = sourcecode.swift; path = AppDelegate.swift; sourceTree = "<group>"; };
		555B6BDA29EF4FD50000C7CF /* SceneDelegate.swift */ = {isa = PBXFileReference; lastKnownFileType = sourcecode.swift; path = SceneDelegate.swift; sourceTree = "<group>"; };
		555B6BDF29EF4FD50000C7CF /* Base */ = {isa = PBXFileReference; lastKnownFileType = file.storyboard; name = Base; path = Base.lproj/Main.storyboard; sourceTree = "<group>"; };
		555B6BE129EF4FD60000C7CF /* Assets.xcassets */ = {isa = PBXFileReference; lastKnownFileType = folder.assetcatalog; path = Assets.xcassets; sourceTree = "<group>"; };
		555B6BE429EF4FD60000C7CF /* Base */ = {isa = PBXFileReference; lastKnownFileType = file.storyboard; name = Base; path = Base.lproj/LaunchScreen.storyboard; sourceTree = "<group>"; };
		555B6BE629EF4FD60000C7CF /* Info.plist */ = {isa = PBXFileReference; lastKnownFileType = text.plist.xml; path = Info.plist; sourceTree = "<group>"; };
		555B6BEB29EF4FD60000C7CF /* Space!Tests.xctest */ = {isa = PBXFileReference; explicitFileType = wrapper.cfbundle; includeInIndex = 0; path = "Space!Tests.xctest"; sourceTree = BUILT_PRODUCTS_DIR; };
		555B6BEF29EF4FD60000C7CF /* Space_Tests.swift */ = {isa = PBXFileReference; lastKnownFileType = sourcecode.swift; path = Space_Tests.swift; sourceTree = "<group>"; };
		555B6C0A29EF516B0000C7CF /* SearchViewController.swift */ = {isa = PBXFileReference; lastKnownFileType = sourcecode.swift; path = SearchViewController.swift; sourceTree = "<group>"; };
/* End PBXFileReference section */

/* Begin PBXFrameworksBuildPhase section */
		555B6BD229EF4FD50000C7CF /* Frameworks */ = {
			isa = PBXFrameworksBuildPhase;
			buildActionMask = 2147483647;
			files = (
			);
			runOnlyForDeploymentPostprocessing = 0;
		};
		555B6BE829EF4FD60000C7CF /* Frameworks */ = {
			isa = PBXFrameworksBuildPhase;
			buildActionMask = 2147483647;
			files = (
			);
			runOnlyForDeploymentPostprocessing = 0;
		};
/* End PBXFrameworksBuildPhase section */

/* Begin PBXGroup section */
		555B6BCC29EF4FD50000C7CF = {
			isa = PBXGroup;
			children = (
				555B6BD729EF4FD50000C7CF /* Space! */,
				555B6BEE29EF4FD60000C7CF /* Space!Tests */,
				555B6BD629EF4FD50000C7CF /* Products */,
			);
			sourceTree = "<group>";
		};
		555B6BD629EF4FD50000C7CF /* Products */ = {
			isa = PBXGroup;
			children = (
				555B6BD529EF4FD50000C7CF /* Space!.app */,
				555B6BEB29EF4FD60000C7CF /* Space!Tests.xctest */,
			);
			name = Products;
			sourceTree = "<group>";
		};
		555B6BD729EF4FD50000C7CF /* Space! */ = {
			isa = PBXGroup;
			children = (
				555B6C0929EF50C10000C7CF /* SearchView */,
				555B6C0829EF503B0000C7CF /* App */,
			);
			path = "Space!";
			sourceTree = "<group>";
		};
		555B6BEE29EF4FD60000C7CF /* Space!Tests */ = {
			isa = PBXGroup;
			children = (
				555B6BEF29EF4FD60000C7CF /* Space_Tests.swift */,
			);
			path = "Space!Tests";
			sourceTree = "<group>";
		};
		555B6C0829EF503B0000C7CF /* App */ = {
			isa = PBXGroup;
			children = (
				555B6BD829EF4FD50000C7CF /* AppDelegate.swift */,
				555B6BDA29EF4FD50000C7CF /* SceneDelegate.swift */,
				555B6BDE29EF4FD50000C7CF /* Main.storyboard */,
				555B6BE129EF4FD60000C7CF /* Assets.xcassets */,
				555B6BE329EF4FD60000C7CF /* LaunchScreen.storyboard */,
				555B6BE629EF4FD60000C7CF /* Info.plist */,
			);
			path = App;
			sourceTree = "<group>";
		};
		555B6C0929EF50C10000C7CF /* SearchView */ = {
			isa = PBXGroup;
			children = (
				555B6C0A29EF516B0000C7CF /* SearchViewController.swift */,
			);
			path = SearchView;
			sourceTree = "<group>";
		};
/* End PBXGroup section */

/* Begin PBXNativeTarget section */
		555B6BD429EF4FD50000C7CF /* Space! */ = {
			isa = PBXNativeTarget;
			buildConfigurationList = 555B6BFF29EF4FD60000C7CF /* Build configuration list for PBXNativeTarget "Space!" */;
			buildPhases = (
				555B6BD129EF4FD50000C7CF /* Sources */,
				555B6BD229EF4FD50000C7CF /* Frameworks */,
				555B6BD329EF4FD50000C7CF /* Resources */,
			);
			buildRules = (
			);
			dependencies = (
			);
			name = "Space!";
			productName = "Space!";
			productReference = 555B6BD529EF4FD50000C7CF /* Space!.app */;
			productType = "com.apple.product-type.application";
		};
		555B6BEA29EF4FD60000C7CF /* Space!Tests */ = {
			isa = PBXNativeTarget;
			buildConfigurationList = 555B6C0229EF4FD60000C7CF /* Build configuration list for PBXNativeTarget "Space!Tests" */;
			buildPhases = (
				555B6BE729EF4FD60000C7CF /* Sources */,
				555B6BE829EF4FD60000C7CF /* Frameworks */,
				555B6BE929EF4FD60000C7CF /* Resources */,
			);
			buildRules = (
			);
			dependencies = (
				555B6BED29EF4FD60000C7CF /* PBXTargetDependency */,
			);
			name = "Space!Tests";
			productName = "Space!Tests";
			productReference = 555B6BEB29EF4FD60000C7CF /* Space!Tests.xctest */;
			productType = "com.apple.product-type.bundle.unit-test";
		};
/* End PBXNativeTarget section */

/* Begin PBXProject section */
		555B6BCD29EF4FD50000C7CF /* Project object */ = {
			isa = PBXProject;
			attributes = {
				BuildIndependentTargetsInParallel = 1;
				LastSwiftUpdateCheck = 1420;
				LastUpgradeCheck = 1420;
				TargetAttributes = {
					555B6BD429EF4FD50000C7CF = {
						CreatedOnToolsVersion = 14.2;
					};
					555B6BEA29EF4FD60000C7CF = {
						CreatedOnToolsVersion = 14.2;
						TestTargetID = 555B6BD429EF4FD50000C7CF;
					};
				};
			};
			buildConfigurationList = 555B6BD029EF4FD50000C7CF /* Build configuration list for PBXProject "Space!" */;
			compatibilityVersion = "Xcode 14.0";
			developmentRegion = en;
			hasScannedForEncodings = 0;
			knownRegions = (
				en,
				Base,
			);
			mainGroup = 555B6BCC29EF4FD50000C7CF;
			productRefGroup = 555B6BD629EF4FD50000C7CF /* Products */;
			projectDirPath = "";
			projectRoot = "";
			targets = (
				555B6BD429EF4FD50000C7CF /* Space! */,
				555B6BEA29EF4FD60000C7CF /* Space!Tests */,
			);
		};
/* End PBXProject section */

/* Begin PBXResourcesBuildPhase section */
		555B6BD329EF4FD50000C7CF /* Resources */ = {
			isa = PBXResourcesBuildPhase;
			buildActionMask = 2147483647;
			files = (
				555B6BE529EF4FD60000C7CF /* LaunchScreen.storyboard in Resources */,
				555B6BE229EF4FD60000C7CF /* Assets.xcassets in Resources */,
				555B6BE029EF4FD50000C7CF /* Main.storyboard in Resources */,
			);
			runOnlyForDeploymentPostprocessing = 0;
		};
		555B6BE929EF4FD60000C7CF /* Resources */ = {
			isa = PBXResourcesBuildPhase;
			buildActionMask = 2147483647;
			files = (
			);
			runOnlyForDeploymentPostprocessing = 0;
		};
/* End PBXResourcesBuildPhase section */

/* Begin PBXSourcesBuildPhase section */
		555B6BD129EF4FD50000C7CF /* Sources */ = {
			isa = PBXSourcesBuildPhase;
			buildActionMask = 2147483647;
			files = (
				555B6C0B29EF516B0000C7CF /* SearchViewController.swift in Sources */,
				555B6BD929EF4FD50000C7CF /* AppDelegate.swift in Sources */,
				555B6BDB29EF4FD50000C7CF /* SceneDelegate.swift in Sources */,
			);
			runOnlyForDeploymentPostprocessing = 0;
		};
		555B6BE729EF4FD60000C7CF /* Sources */ = {
			isa = PBXSourcesBuildPhase;
			buildActionMask = 2147483647;
			files = (
				555B6BF029EF4FD60000C7CF /* Space_Tests.swift in Sources */,
			);
			runOnlyForDeploymentPostprocessing = 0;
		};
/* End PBXSourcesBuildPhase section */

/* Begin PBXTargetDependency section */
		555B6BED29EF4FD60000C7CF /* PBXTargetDependency */ = {
			isa = PBXTargetDependency;
			target = 555B6BD429EF4FD50000C7CF /* Space! */;
			targetProxy = 555B6BEC29EF4FD60000C7CF /* PBXContainerItemProxy */;
		};
/* End PBXTargetDependency section */

/* Begin PBXVariantGroup section */
		555B6BDE29EF4FD50000C7CF /* Main.storyboard */ = {
			isa = PBXVariantGroup;
			children = (
				555B6BDF29EF4FD50000C7CF /* Base */,
			);
			name = Main.storyboard;
			sourceTree = "<group>";
		};
		555B6BE329EF4FD60000C7CF /* LaunchScreen.storyboard */ = {
			isa = PBXVariantGroup;
			children = (
				555B6BE429EF4FD60000C7CF /* Base */,
			);
			name = LaunchScreen.storyboard;
			sourceTree = "<group>";
		};
/* End PBXVariantGroup section */

/* Begin XCBuildConfiguration section */
		555B6BFD29EF4FD60000C7CF /* Debug */ = {
			isa = XCBuildConfiguration;
			buildSettings = {
				ALWAYS_SEARCH_USER_PATHS = NO;
				CLANG_ANALYZER_NONNULL = YES;
				CLANG_ANALYZER_NUMBER_OBJECT_CONVERSION = YES_AGGRESSIVE;
				CLANG_CXX_LANGUAGE_STANDARD = "gnu++20";
				CLANG_ENABLE_MODULES = YES;
				CLANG_ENABLE_OBJC_ARC = YES;
				CLANG_ENABLE_OBJC_WEAK = YES;
				CLANG_WARN_BLOCK_CAPTURE_AUTORELEASING = YES;
				CLANG_WARN_BOOL_CONVERSION = YES;
				CLANG_WARN_COMMA = YES;
				CLANG_WARN_CONSTANT_CONVERSION = YES;
				CLANG_WARN_DEPRECATED_OBJC_IMPLEMENTATIONS = YES;
				CLANG_WARN_DIRECT_OBJC_ISA_USAGE = YES_ERROR;
				CLANG_WARN_DOCUMENTATION_COMMENTS = YES;
				CLANG_WARN_EMPTY_BODY = YES;
				CLANG_WARN_ENUM_CONVERSION = YES;
				CLANG_WARN_INFINITE_RECURSION = YES;
				CLANG_WARN_INT_CONVERSION = YES;
				CLANG_WARN_NON_LITERAL_NULL_CONVERSION = YES;
				CLANG_WARN_OBJC_IMPLICIT_RETAIN_SELF = YES;
				CLANG_WARN_OBJC_LITERAL_CONVERSION = YES;
				CLANG_WARN_OBJC_ROOT_CLASS = YES_ERROR;
				CLANG_WARN_QUOTED_INCLUDE_IN_FRAMEWORK_HEADER = YES;
				CLANG_WARN_RANGE_LOOP_ANALYSIS = YES;
				CLANG_WARN_STRICT_PROTOTYPES = YES;
				CLANG_WARN_SUSPICIOUS_MOVE = YES;
				CLANG_WARN_UNGUARDED_AVAILABILITY = YES_AGGRESSIVE;
				CLANG_WARN_UNREACHABLE_CODE = YES;
				CLANG_WARN__DUPLICATE_METHOD_MATCH = YES;
				COPY_PHASE_STRIP = NO;
				DEBUG_INFORMATION_FORMAT = dwarf;
				ENABLE_STRICT_OBJC_MSGSEND = YES;
				ENABLE_TESTABILITY = YES;
				GCC_C_LANGUAGE_STANDARD = gnu11;
				GCC_DYNAMIC_NO_PIC = NO;
				GCC_NO_COMMON_BLOCKS = YES;
				GCC_OPTIMIZATION_LEVEL = 0;
				GCC_PREPROCESSOR_DEFINITIONS = (
					"DEBUG=1",
					"$(inherited)",
				);
				GCC_WARN_64_TO_32_BIT_CONVERSION = YES;
				GCC_WARN_ABOUT_RETURN_TYPE = YES_ERROR;
				GCC_WARN_UNDECLARED_SELECTOR = YES;
				GCC_WARN_UNINITIALIZED_AUTOS = YES_AGGRESSIVE;
				GCC_WARN_UNUSED_FUNCTION = YES;
				GCC_WARN_UNUSED_VARIABLE = YES;
				IPHONEOS_DEPLOYMENT_TARGET = 16.2;
				MTL_ENABLE_DEBUG_INFO = INCLUDE_SOURCE;
				MTL_FAST_MATH = YES;
				ONLY_ACTIVE_ARCH = YES;
				SDKROOT = iphoneos;
				SWIFT_ACTIVE_COMPILATION_CONDITIONS = DEBUG;
				SWIFT_OPTIMIZATION_LEVEL = "-Onone";
			};
			name = Debug;
		};
		555B6BFE29EF4FD60000C7CF /* Release */ = {
			isa = XCBuildConfiguration;
			buildSettings = {
				ALWAYS_SEARCH_USER_PATHS = NO;
				CLANG_ANALYZER_NONNULL = YES;
				CLANG_ANALYZER_NUMBER_OBJECT_CONVERSION = YES_AGGRESSIVE;
				CLANG_CXX_LANGUAGE_STANDARD = "gnu++20";
				CLANG_ENABLE_MODULES = YES;
				CLANG_ENABLE_OBJC_ARC = YES;
				CLANG_ENABLE_OBJC_WEAK = YES;
				CLANG_WARN_BLOCK_CAPTURE_AUTORELEASING = YES;
				CLANG_WARN_BOOL_CONVERSION = YES;
				CLANG_WARN_COMMA = YES;
				CLANG_WARN_CONSTANT_CONVERSION = YES;
				CLANG_WARN_DEPRECATED_OBJC_IMPLEMENTATIONS = YES;
				CLANG_WARN_DIRECT_OBJC_ISA_USAGE = YES_ERROR;
				CLANG_WARN_DOCUMENTATION_COMMENTS = YES;
				CLANG_WARN_EMPTY_BODY = YES;
				CLANG_WARN_ENUM_CONVERSION = YES;
				CLANG_WARN_INFINITE_RECURSION = YES;
				CLANG_WARN_INT_CONVERSION = YES;
				CLANG_WARN_NON_LITERAL_NULL_CONVERSION = YES;
				CLANG_WARN_OBJC_IMPLICIT_RETAIN_SELF = YES;
				CLANG_WARN_OBJC_LITERAL_CONVERSION = YES;
				CLANG_WARN_OBJC_ROOT_CLASS = YES_ERROR;
				CLANG_WARN_QUOTED_INCLUDE_IN_FRAMEWORK_HEADER = YES;
				CLANG_WARN_RANGE_LOOP_ANALYSIS = YES;
				CLANG_WARN_STRICT_PROTOTYPES = YES;
				CLANG_WARN_SUSPICIOUS_MOVE = YES;
				CLANG_WARN_UNGUARDED_AVAILABILITY = YES_AGGRESSIVE;
				CLANG_WARN_UNREACHABLE_CODE = YES;
				CLANG_WARN__DUPLICATE_METHOD_MATCH = YES;
				COPY_PHASE_STRIP = NO;
				DEBUG_INFORMATION_FORMAT = "dwarf-with-dsym";
				ENABLE_NS_ASSERTIONS = NO;
				ENABLE_STRICT_OBJC_MSGSEND = YES;
				GCC_C_LANGUAGE_STANDARD = gnu11;
				GCC_NO_COMMON_BLOCKS = YES;
				GCC_WARN_64_TO_32_BIT_CONVERSION = YES;
				GCC_WARN_ABOUT_RETURN_TYPE = YES_ERROR;
				GCC_WARN_UNDECLARED_SELECTOR = YES;
				GCC_WARN_UNINITIALIZED_AUTOS = YES_AGGRESSIVE;
				GCC_WARN_UNUSED_FUNCTION = YES;
				GCC_WARN_UNUSED_VARIABLE = YES;
				IPHONEOS_DEPLOYMENT_TARGET = 16.2;
				MTL_ENABLE_DEBUG_INFO = NO;
				MTL_FAST_MATH = YES;
				SDKROOT = iphoneos;
				SWIFT_COMPILATION_MODE = wholemodule;
				SWIFT_OPTIMIZATION_LEVEL = "-O";
				VALIDATE_PRODUCT = YES;
			};
			name = Release;
		};
		555B6C0029EF4FD60000C7CF /* Debug */ = {
			isa = XCBuildConfiguration;
			buildSettings = {
				ASSETCATALOG_COMPILER_APPICON_NAME = AppIcon;
				ASSETCATALOG_COMPILER_GLOBAL_ACCENT_COLOR_NAME = AccentColor;
				CODE_SIGN_STYLE = Automatic;
				CURRENT_PROJECT_VERSION = 1;
				DEVELOPMENT_TEAM = 2BLS735KVT;
				GENERATE_INFOPLIST_FILE = YES;
				INFOPLIST_FILE = "Space!/App/Info.plist";
				INFOPLIST_KEY_UIApplicationSupportsIndirectInputEvents = YES;
				INFOPLIST_KEY_UILaunchStoryboardName = LaunchScreen;
				INFOPLIST_KEY_UIMainStoryboardFile = Main;
				INFOPLIST_KEY_UISupportedInterfaceOrientations = UIInterfaceOrientationPortrait;
				LD_RUNPATH_SEARCH_PATHS = (
					"$(inherited)",
					"@executable_path/Frameworks",
				);
				MARKETING_VERSION = 1.0;
				PRODUCT_BUNDLE_IDENTIFIER = "PURE-Holdings.Space-";
				PRODUCT_NAME = "$(TARGET_NAME)";
				SUPPORTED_PLATFORMS = "iphoneos iphonesimulator";
				SUPPORTS_MACCATALYST = NO;
				SUPPORTS_MAC_DESIGNED_FOR_IPHONE_IPAD = NO;
				SWIFT_EMIT_LOC_STRINGS = YES;
				SWIFT_VERSION = 5.0;
				TARGETED_DEVICE_FAMILY = "1,2";
			};
			name = Debug;
		};
		555B6C0129EF4FD60000C7CF /* Release */ = {
			isa = XCBuildConfiguration;
			buildSettings = {
				ASSETCATALOG_COMPILER_APPICON_NAME = AppIcon;
				ASSETCATALOG_COMPILER_GLOBAL_ACCENT_COLOR_NAME = AccentColor;
				CODE_SIGN_STYLE = Automatic;
				CURRENT_PROJECT_VERSION = 1;
				DEVELOPMENT_TEAM = 2BLS735KVT;
				GENERATE_INFOPLIST_FILE = YES;
				INFOPLIST_FILE = "Space!/App/Info.plist";
				INFOPLIST_KEY_UIApplicationSupportsIndirectInputEvents = YES;
				INFOPLIST_KEY_UILaunchStoryboardName = LaunchScreen;
				INFOPLIST_KEY_UIMainStoryboardFile = Main;
				INFOPLIST_KEY_UISupportedInterfaceOrientations = UIInterfaceOrientationPortrait;
				LD_RUNPATH_SEARCH_PATHS = (
					"$(inherited)",
					"@executable_path/Frameworks",
				);
				MARKETING_VERSION = 1.0;
				PRODUCT_BUNDLE_IDENTIFIER = "PURE-Holdings.Space-";
				PRODUCT_NAME = "$(TARGET_NAME)";
				SUPPORTED_PLATFORMS = "iphoneos iphonesimulator";
				SUPPORTS_MACCATALYST = NO;
				SUPPORTS_MAC_DESIGNED_FOR_IPHONE_IPAD = NO;
				SWIFT_EMIT_LOC_STRINGS = YES;
				SWIFT_VERSION = 5.0;
				TARGETED_DEVICE_FAMILY = "1,2";
			};
			name = Release;
		};
		555B6C0329EF4FD60000C7CF /* Debug */ = {
			isa = XCBuildConfiguration;
			buildSettings = {
				ALWAYS_EMBED_SWIFT_STANDARD_LIBRARIES = YES;
				BUNDLE_LOADER = "$(TEST_HOST)";
				CODE_SIGN_STYLE = Automatic;
				CURRENT_PROJECT_VERSION = 1;
				DEVELOPMENT_TEAM = 2BLS735KVT;
				GENERATE_INFOPLIST_FILE = YES;
				IPHONEOS_DEPLOYMENT_TARGET = 16.2;
				MARKETING_VERSION = 1.0;
				PRODUCT_BUNDLE_IDENTIFIER = "PURE-Holdings.Space-Tests";
				PRODUCT_NAME = "$(TARGET_NAME)";
				SUPPORTED_PLATFORMS = "iphoneos iphonesimulator";
				SUPPORTS_MACCATALYST = NO;
				SUPPORTS_MAC_DESIGNED_FOR_IPHONE_IPAD = NO;
				SWIFT_EMIT_LOC_STRINGS = NO;
				SWIFT_VERSION = 5.0;
				TARGETED_DEVICE_FAMILY = "1,2";
				TEST_HOST = "$(BUILT_PRODUCTS_DIR)/Space!.app/$(BUNDLE_EXECUTABLE_FOLDER_PATH)/Space!";
			};
			name = Debug;
		};
		555B6C0429EF4FD60000C7CF /* Release */ = {
			isa = XCBuildConfiguration;
			buildSettings = {
				ALWAYS_EMBED_SWIFT_STANDARD_LIBRARIES = YES;
				BUNDLE_LOADER = "$(TEST_HOST)";
				CODE_SIGN_STYLE = Automatic;
				CURRENT_PROJECT_VERSION = 1;
				DEVELOPMENT_TEAM = 2BLS735KVT;
				GENERATE_INFOPLIST_FILE = YES;
				IPHONEOS_DEPLOYMENT_TARGET = 16.2;
				MARKETING_VERSION = 1.0;
				PRODUCT_BUNDLE_IDENTIFIER = "PURE-Holdings.Space-Tests";
				PRODUCT_NAME = "$(TARGET_NAME)";
				SUPPORTED_PLATFORMS = "iphoneos iphonesimulator";
				SUPPORTS_MACCATALYST = NO;
				SUPPORTS_MAC_DESIGNED_FOR_IPHONE_IPAD = NO;
				SWIFT_EMIT_LOC_STRINGS = NO;
				SWIFT_VERSION = 5.0;
				TARGETED_DEVICE_FAMILY = "1,2";
				TEST_HOST = "$(BUILT_PRODUCTS_DIR)/Space!.app/$(BUNDLE_EXECUTABLE_FOLDER_PATH)/Space!";
			};
			name = Release;
		};
/* End XCBuildConfiguration section */

/* Begin XCConfigurationList section */
		555B6BD029EF4FD50000C7CF /* Build configuration list for PBXProject "Space!" */ = {
			isa = XCConfigurationList;
			buildConfigurations = (
				555B6BFD29EF4FD60000C7CF /* Debug */,
				555B6BFE29EF4FD60000C7CF /* Release */,
			);
			defaultConfigurationIsVisible = 0;
			defaultConfigurationName = Release;
		};
		555B6BFF29EF4FD60000C7CF /* Build configuration list for PBXNativeTarget "Space!" */ = {
			isa = XCConfigurationList;
			buildConfigurations = (
				555B6C0029EF4FD60000C7CF /* Debug */,
				555B6C0129EF4FD60000C7CF /* Release */,
			);
			defaultConfigurationIsVisible = 0;
			defaultConfigurationName = Release;
		};
		555B6C0229EF4FD60000C7CF /* Build configuration list for PBXNativeTarget "Space!Tests" */ = {
			isa = XCConfigurationList;
			buildConfigurations = (
				555B6C0329EF4FD60000C7CF /* Debug */,
				555B6C0429EF4FD60000C7CF /* Release */,
			);
			defaultConfigurationIsVisible = 0;
			defaultConfigurationName = Release;
		};
/* End XCConfigurationList section */
	};
	rootObject = 555B6BCD29EF4FD50000C7CF /* Project object */;
}
